
Microsoft Visual Studio Solution File, Format Version 12.00
# Visual Studio Version 16
VisualStudioVersion = 16.0.29025.244
MinimumVisualStudioVersion = 10.0.40219.1
Project("{FAE04EC0-301F-11D3-BF4B-00C04F79EFBC}") = "WebApiIntegrationTest", "WebApiIntegrationTest\WebApiIntegrationTest.csproj", "{60F8AD3F-BCD2-4B41-B794-5CDE2E0045CA}"
EndProject
Project("{FAE04EC0-301F-11D3-BF4B-00C04F79EFBC}") = "IntegrationTest", "IntegrationTest\IntegrationTest.csproj", "{379EFB16-21F9-4269-8F2A-1942D5EF652E}"
EndProject
Global
	GlobalSection(SolutionConfigurationPlatforms) = preSolution
		Debug|Any CPU = Debug|Any CPU
		Release|Any CPU = Release|Any CPU
	EndGlobalSection
	GlobalSection(ProjectConfigurationPlatforms) = postSolution
		{60F8AD3F-BCD2-4B41-B794-5CDE2E0045CA}.Debug|Any CPU.ActiveCfg = Debug|Any CPU
		{60F8AD3F-BCD2-4B41-B794-5CDE2E0045CA}.Debug|Any CPU.Build.0 = Debug|Any CPU
		{60F8AD3F-BCD2-4B41-B794-5CDE2E0045CA}.Release|Any CPU.ActiveCfg = Release|Any CPU
		{60F8AD3F-BCD2-4B41-B794-5CDE2E0045CA}.Release|Any CPU.Build.0 = Release|Any CPU
		{379EFB16-21F9-4269-8F2A-1942D5EF652E}.Debug|Any CPU.ActiveCfg = Debug|Any CPU
		{379EFB16-21F9-4269-8F2A-1942D5EF652E}.Debug|Any CPU.Build.0 = Debug|Any CPU
		{379EFB16-21F9-4269-8F2A-1942D5EF652E}.Release|Any CPU.ActiveCfg = Release|Any CPU
		{379EFB16-21F9-4269-8F2A-1942D5EF652E}.Release|Any CPU.Build.0 = Release|Any CPU
	EndGlobalSection
	GlobalSection(SolutionProperties) = preSolution
		HideSolutionNode = FALSE
	EndGlobalSection
	GlobalSection(ExtensibilityGlobals) = postSolution
		SolutionGuid = {8CC48909-A1FA-4D7E-95E7-745EFD9A8A70}
	EndGlobalSection
EndGlobal
